{
  "nodes": {
    "nixpkgs": {
      "locked": {
        "lastModified": 1750093231,
        "narHash": "sha256-3a7Tha/RwYlzH/v3PJrG7+HjOj4c6YOv2K8sqdGsHVQ=",
        "owner": "NixOS",
        "repo": "nixpkgs",
        "rev": "e6f23dc08d3624daab7094b701aa3954923c6bbb",
        "type": "github"
      },
      "original": {
        "owner": "NixOS",
        "repo": "nixpkgs",
        "rev": "e6f23dc08d3624daab7094b701aa3954923c6bbb",
        "type": "github"
      }
    },
    "root": {
      "inputs": {
        "nixpkgs": "nixpkgs"
      }
    }
  },
  "root": "root",
  "version": 7
}
